
Microsoft Visual Studio Solution File, Format Version 12.00
# Visual Studio Version 16
VisualStudioVersion = 16.0.29326.143
MinimumVisualStudioVersion = 10.0.40219.1
Project("{FAE04EC0-301F-11D3-BF4B-00C04F79EFBC}") = "LandsXamarin.Android", "LandsXamarin\LandsXamarin.Android\LandsXamarin.Android.csproj", "{590B115F-7B6E-428D-A54E-C92C78352163}"
EndProject
Project("{FAE04EC0-301F-11D3-BF4B-00C04F79EFBC}") = "LandsXamarin.iOS", "LandsXamarin\LandsXamarin.iOS\LandsXamarin.iOS.csproj", "{1504F1D0-35A5-400D-8E78-8EE815409029}"
EndProject
Project("{FAE04EC0-301F-11D3-BF4B-00C04F79EFBC}") = "LandsXamarin", "LandsXamarin\LandsXamarin\LandsXamarin.csproj", "{35D74C5F-5BC3-475D-9B4A-5765F246A052}"
EndProject
Global
	GlobalSection(SolutionConfigurationPlatforms) = preSolution
		Debug|Any CPU = Debug|Any CPU
		Debug|iPhone = Debug|iPhone
		Debug|iPhoneSimulator = Debug|iPhoneSimulator
		Release|Any CPU = Release|Any CPU
		Release|iPhone = Release|iPhone
		Release|iPhoneSimulator = Release|iPhoneSimulator
	EndGlobalSection
	GlobalSection(ProjectConfigurationPlatforms) = postSolution
		{590B115F-7B6E-428D-A54E-C92C78352163}.Debug|Any CPU.ActiveCfg = Debug|Any CPU
		{590B115F-7B6E-428D-A54E-C92C78352163}.Debug|Any CPU.Build.0 = Debug|Any CPU
		{590B115F-7B6E-428D-A54E-C92C78352163}.Debug|Any CPU.Deploy.0 = Debug|Any CPU
		{590B115F-7B6E-428D-A54E-C92C78352163}.Debug|iPhone.ActiveCfg = Debug|Any CPU
		{590B115F-7B6E-428D-A54E-C92C78352163}.Debug|iPhone.Build.0 = Debug|Any CPU
		{590B115F-7B6E-428D-A54E-C92C78352163}.Debug|iPhone.Deploy.0 = Debug|Any CPU
		{590B115F-7B6E-428D-A54E-C92C78352163}.Debug|iPhoneSimulator.ActiveCfg = Debug|Any CPU
		{590B115F-7B6E-428D-A54E-C92C78352163}.Debug|iPhoneSimulator.Build.0 = Debug|Any CPU
		{590B115F-7B6E-428D-A54E-C92C78352163}.Debug|iPhoneSimulator.Deploy.0 = Debug|Any CPU
		{590B115F-7B6E-428D-A54E-C92C78352163}.Release|Any CPU.ActiveCfg = Release|Any CPU
		{590B115F-7B6E-428D-A54E-C92C78352163}.Release|Any CPU.Build.0 = Release|Any CPU
		{590B115F-7B6E-428D-A54E-C92C78352163}.Release|Any CPU.Deploy.0 = Release|Any CPU
		{590B115F-7B6E-428D-A54E-C92C78352163}.Release|iPhone.ActiveCfg = Release|Any CPU
		{590B115F-7B6E-428D-A54E-C92C78352163}.Release|iPhone.Build.0 = Release|Any CPU
		{590B115F-7B6E-428D-A54E-C92C78352163}.Release|iPhone.Deploy.0 = Release|Any CPU
		{590B115F-7B6E-428D-A54E-C92C78352163}.Release|iPhoneSimulator.ActiveCfg = Release|Any CPU
		{590B115F-7B6E-428D-A54E-C92C78352163}.Release|iPhoneSimulator.Build.0 = Release|Any CPU
		{590B115F-7B6E-428D-A54E-C92C78352163}.Release|iPhoneSimulator.Deploy.0 = Release|Any CPU
		{1504F1D0-35A5-400D-8E78-8EE815409029}.Debug|Any CPU.ActiveCfg = Debug|iPhoneSimulator
		{1504F1D0-35A5-400D-8E78-8EE815409029}.Debug|Any CPU.Build.0 = Debug|iPhoneSimulator
		{1504F1D0-35A5-400D-8E78-8EE815409029}.Debug|Any CPU.Deploy.0 = Debug|iPhoneSimulator
		{1504F1D0-35A5-400D-8E78-8EE815409029}.Debug|iPhone.ActiveCfg = Debug|iPhone
		{1504F1D0-35A5-400D-8E78-8EE815409029}.Debug|iPhone.Build.0 = Debug|iPhone
		{1504F1D0-35A5-400D-8E78-8EE815409029}.Debug|iPhone.Deploy.0 = Debug|iPhone
		{1504F1D0-35A5-400D-8E78-8EE815409029}.Debug|iPhoneSimulator.ActiveCfg = Debug|iPhoneSimulator
		{1504F1D0-35A5-400D-8E78-8EE815409029}.Debug|iPhoneSimulator.Build.0 = Debug|iPhoneSimulator
		{1504F1D0-35A5-400D-8E78-8EE815409029}.Debug|iPhoneSimulator.Deploy.0 = Debug|iPhoneSimulator
		{1504F1D0-35A5-400D-8E78-8EE815409029}.Release|Any CPU.ActiveCfg = Release|iPhone
		{1504F1D0-35A5-400D-8E78-8EE815409029}.Release|Any CPU.Build.0 = Release|iPhone
		{1504F1D0-35A5-400D-8E78-8EE815409029}.Release|Any CPU.Deploy.0 = Release|iPhone
		{1504F1D0-35A5-400D-8E78-8EE815409029}.Release|iPhone.ActiveCfg = Release|iPhone
		{1504F1D0-35A5-400D-8E78-8EE815409029}.Release|iPhone.Build.0 = Release|iPhone
		{1504F1D0-35A5-400D-8E78-8EE815409029}.Release|iPhone.Deploy.0 = Release|iPhone
		{1504F1D0-35A5-400D-8E78-8EE815409029}.Release|iPhoneSimulator.ActiveCfg = Release|iPhoneSimulator
		{1504F1D0-35A5-400D-8E78-8EE815409029}.Release|iPhoneSimulator.Build.0 = Release|iPhoneSimulator
		{1504F1D0-35A5-400D-8E78-8EE815409029}.Release|iPhoneSimulator.Deploy.0 = Release|iPhoneSimulator
		{35D74C5F-5BC3-475D-9B4A-5765F246A052}.Debug|Any CPU.ActiveCfg = Debug|Any CPU
		{35D74C5F-5BC3-475D-9B4A-5765F246A052}.Debug|Any CPU.Build.0 = Debug|Any CPU
		{35D74C5F-5BC3-475D-9B4A-5765F246A052}.Debug|Any CPU.Deploy.0 = Debug|Any CPU
		{35D74C5F-5BC3-475D-9B4A-5765F246A052}.Debug|iPhone.ActiveCfg = Debug|Any CPU
		{35D74C5F-5BC3-475D-9B4A-5765F246A052}.Debug|iPhone.Build.0 = Debug|Any CPU
		{35D74C5F-5BC3-475D-9B4A-5765F246A052}.Debug|iPhone.Deploy.0 = Debug|Any CPU
		{35D74C5F-5BC3-475D-9B4A-5765F246A052}.Debug|iPhoneSimulator.ActiveCfg = Debug|Any CPU
		{35D74C5F-5BC3-475D-9B4A-5765F246A052}.Debug|iPhoneSimulator.Build.0 = Debug|Any CPU
		{35D74C5F-5BC3-475D-9B4A-5765F246A052}.Debug|iPhoneSimulator.Deploy.0 = Debug|Any CPU
		{35D74C5F-5BC3-475D-9B4A-5765F246A052}.Release|Any CPU.ActiveCfg = Release|Any CPU
		{35D74C5F-5BC3-475D-9B4A-5765F246A052}.Release|Any CPU.Build.0 = Release|Any CPU
		{35D74C5F-5BC3-475D-9B4A-5765F246A052}.Release|Any CPU.Deploy.0 = Release|Any CPU
		{35D74C5F-5BC3-475D-9B4A-5765F246A052}.Release|iPhone.ActiveCfg = Release|Any CPU
		{35D74C5F-5BC3-475D-9B4A-5765F246A052}.Release|iPhone.Build.0 = Release|Any CPU
		{35D74C5F-5BC3-475D-9B4A-5765F246A052}.Release|iPhone.Deploy.0 = Release|Any CPU
		{35D74C5F-5BC3-475D-9B4A-5765F246A052}.Release|iPhoneSimulator.ActiveCfg = Release|Any CPU
		{35D74C5F-5BC3-475D-9B4A-5765F246A052}.Release|iPhoneSimulator.Build.0 = Release|Any CPU
		{35D74C5F-5BC3-475D-9B4A-5765F246A052}.Release|iPhoneSimulator.Deploy.0 = Release|Any CPU
	EndGlobalSection
	GlobalSection(SolutionProperties) = preSolution
		HideSolutionNode = FALSE
	EndGlobalSection
	GlobalSection(ExtensibilityGlobals) = postSolution
		SolutionGuid = {9B2BB8F5-E709-4FC5-80C1-BD480B0BCEF2}
	EndGlobalSection
EndGlobal
